
Microsoft Visual Studio Solution File, Format Version 12.00
# Visual Studio Version 17
VisualStudioVersion = 17.7.34202.233
MinimumVisualStudioVersion = 10.0.40219.1
Project("{9A19103F-16F7-4668-BE54-9A1E7A4F7556}") = "LeekLog", "LeekLog\LeekLog.csproj", "{B0C9454D-2947-4EA2-8F25-0DA76B1DCCE0}"
EndProject
Project("{9A19103F-16F7-4668-BE54-9A1E7A4F7556}") = "LeekLog.Abstractions", "LeekLog.Abstractions\LeekLog.Abstractions.csproj", "{0FD4B7D8-5BFC-4094-9E69-5813B2483402}"
EndProject
Project("{9A19103F-16F7-4668-BE54-9A1E7A4F7556}") = "LeekLog.Data", "LeekLog.Data\LeekLog.Data.csproj", "{4C24C344-7B0C-4B30-B3AD-B869CE6A68A2}"
EndProject
Project("{9A19103F-16F7-4668-BE54-9A1E7A4F7556}") = "LeekLog.Data.Abstractions", "LeekLog.Data.Abstractions\LeekLog.Data.Abstractions.csproj", "{B9C14405-8713-4D5C-BC00-62C66ED4B306}"
EndProject
Project("{9A19103F-16F7-4668-BE54-9A1E7A4F7556}") = "LeekLog.Services", "LeekLog.Services\LeekLog.Services.csproj", "{D190C720-6A34-4E35-9C94-2D04C04B76BF}"
EndProject
Project("{9A19103F-16F7-4668-BE54-9A1E7A4F7556}") = "LeekLog.Services.Abstractions", "LeekLog.Services.Abstractions\LeekLog.Services.Abstractions.csproj", "{117427DD-2D40-473F-B6C2-7B137543A698}"
EndProject
Global
	GlobalSection(SolutionConfigurationPlatforms) = preSolution
		Debug|Any CPU = Debug|Any CPU
		Release|Any CPU = Release|Any CPU
	EndGlobalSection
	GlobalSection(ProjectConfigurationPlatforms) = postSolution
		{B0C9454D-2947-4EA2-8F25-0DA76B1DCCE0}.Debug|Any CPU.ActiveCfg = Debug|Any CPU
		{B0C9454D-2947-4EA2-8F25-0DA76B1DCCE0}.Debug|Any CPU.Build.0 = Debug|Any CPU
		{B0C9454D-2947-4EA2-8F25-0DA76B1DCCE0}.Release|Any CPU.ActiveCfg = Release|Any CPU
		{B0C9454D-2947-4EA2-8F25-0DA76B1DCCE0}.Release|Any CPU.Build.0 = Release|Any CPU
		{0FD4B7D8-5BFC-4094-9E69-5813B2483402}.Debug|Any CPU.ActiveCfg = Debug|Any CPU
		{0FD4B7D8-5BFC-4094-9E69-5813B2483402}.Debug|Any CPU.Build.0 = Debug|Any CPU
		{0FD4B7D8-5BFC-4094-9E69-5813B2483402}.Release|Any CPU.ActiveCfg = Release|Any CPU
		{0FD4B7D8-5BFC-4094-9E69-5813B2483402}.Release|Any CPU.Build.0 = Release|Any CPU
		{4C24C344-7B0C-4B30-B3AD-B869CE6A68A2}.Debug|Any CPU.ActiveCfg = Debug|Any CPU
		{4C24C344-7B0C-4B30-B3AD-B869CE6A68A2}.Debug|Any CPU.Build.0 = Debug|Any CPU
		{4C24C344-7B0C-4B30-B3AD-B869CE6A68A2}.Release|Any CPU.ActiveCfg = Release|Any CPU
		{4C24C344-7B0C-4B30-B3AD-B869CE6A68A2}.Release|Any CPU.Build.0 = Release|Any CPU
		{B9C14405-8713-4D5C-BC00-62C66ED4B306}.Debug|Any CPU.ActiveCfg = Debug|Any CPU
		{B9C14405-8713-4D5C-BC00-62C66ED4B306}.Debug|Any CPU.Build.0 = Debug|Any CPU
		{B9C14405-8713-4D5C-BC00-62C66ED4B306}.Release|Any CPU.ActiveCfg = Release|Any CPU
		{B9C14405-8713-4D5C-BC00-62C66ED4B306}.Release|Any CPU.Build.0 = Release|Any CPU
		{D190C720-6A34-4E35-9C94-2D04C04B76BF}.Debug|Any CPU.ActiveCfg = Debug|Any CPU
		{D190C720-6A34-4E35-9C94-2D04C04B76BF}.Debug|Any CPU.Build.0 = Debug|Any CPU
		{D190C720-6A34-4E35-9C94-2D04C04B76BF}.Release|Any CPU.ActiveCfg = Release|Any CPU
		{D190C720-6A34-4E35-9C94-2D04C04B76BF}.Release|Any CPU.Build.0 = Release|Any CPU
		{117427DD-2D40-473F-B6C2-7B137543A698}.Debug|Any CPU.ActiveCfg = Debug|Any CPU
		{117427DD-2D40-473F-B6C2-7B137543A698}.Debug|Any CPU.Build.0 = Debug|Any CPU
		{117427DD-2D40-473F-B6C2-7B137543A698}.Release|Any CPU.ActiveCfg = Release|Any CPU
		{117427DD-2D40-473F-B6C2-7B137543A698}.Release|Any CPU.Build.0 = Release|Any CPU
	EndGlobalSection
	GlobalSection(SolutionProperties) = preSolution
		HideSolutionNode = FALSE
	EndGlobalSection
	GlobalSection(ExtensibilityGlobals) = postSolution
		SolutionGuid = {7CAF566D-64A2-4302-802D-7F6DDFBE9B6A}
	EndGlobalSection
EndGlobal
